
Microsoft Visual Studio Solution File, Format Version 12.00
# Visual Studio Version 17
VisualStudioVersion = 17.8.34408.163
MinimumVisualStudioVersion = 10.0.40219.1
Project("{FAE04EC0-301F-11D3-BF4B-00C04F79EFBC}") = "Report", "Report.csproj", "{38ECEBD8-FA33-48BB-A2B3-A04D58B2D094}"
EndProject
Global
	GlobalSection(SolutionConfigurationPlatforms) = preSolution
		Debug|Any CPU = Debug|Any CPU
		Release|Any CPU = Release|Any CPU
	EndGlobalSection
	GlobalSection(ProjectConfigurationPlatforms) = postSolution
		{38ECEBD8-FA33-48BB-A2B3-A04D58B2D094}.Debug|Any CPU.ActiveCfg = Debug|Any CPU
		{38ECEBD8-FA33-48BB-A2B3-A04D58B2D094}.Debug|Any CPU.Build.0 = Debug|Any CPU
		{38ECEBD8-FA33-48BB-A2B3-A04D58B2D094}.Release|Any CPU.ActiveCfg = Release|Any CPU
		{38ECEBD8-FA33-48BB-A2B3-A04D58B2D094}.Release|Any CPU.Build.0 = Release|Any CPU
	EndGlobalSection
	GlobalSection(SolutionProperties) = preSolution
		HideSolutionNode = FALSE
	EndGlobalSection
	GlobalSection(ExtensibilityGlobals) = postSolution
		SolutionGuid = {EB04EEE4-DF9B-4A9D-814B-9FD8702B6159}
	EndGlobalSection
EndGlobal
